
Microsoft Visual Studio Solution File, Format Version 11.00
# Visual Studio 2010
Project("{FAE04EC0-301F-11D3-BF4B-00C04F79EFBC}") = "mywork_chuan", "mywork_chuan.csproj", "{B8D7C2B2-DAD3-4E65-80D5-5CDC436817D2}"
EndProject
Global
	GlobalSection(SolutionConfigurationPlatforms) = preSolution
		Debug|Any CPU = Debug|Any CPU
		Release|Any CPU = Release|Any CPU
	EndGlobalSection
	GlobalSection(ProjectConfigurationPlatforms) = postSolution
		{B8D7C2B2-DAD3-4E65-80D5-5CDC436817D2}.Debug|Any CPU.ActiveCfg = Debug|Any CPU
		{B8D7C2B2-DAD3-4E65-80D5-5CDC436817D2}.Debug|Any CPU.Build.0 = Debug|Any CPU
		{B8D7C2B2-DAD3-4E65-80D5-5CDC436817D2}.Release|Any CPU.ActiveCfg = Release|Any CPU
		{B8D7C2B2-DAD3-4E65-80D5-5CDC436817D2}.Release|Any CPU.Build.0 = Release|Any CPU
	EndGlobalSection
	GlobalSection(SolutionProperties) = preSolution
		HideSolutionNode = FALSE
	EndGlobalSection
EndGlobal
